
Microsoft Visual Studio Solution File, Format Version 12.00
# Visual Studio Version 17
VisualStudioVersion = 17.0.32126.317
MinimumVisualStudioVersion = 10.0.40219.1
Project("{FAE04EC0-301F-11D3-BF4B-00C04F79EFBC}") = "StubHub.ConsoleApp", "StubHub.ConsoleApp\StubHub.ConsoleApp.csproj", "{9C30A730-4D7A-4016-9557-B3F65991DD04}"
EndProject
Global
	GlobalSection(SolutionConfigurationPlatforms) = preSolution
		Debug|Any CPU = Debug|Any CPU
		Release|Any CPU = Release|Any CPU
	EndGlobalSection
	GlobalSection(ProjectConfigurationPlatforms) = postSolution
		{9C30A730-4D7A-4016-9557-B3F65991DD04}.Debug|Any CPU.ActiveCfg = Debug|Any CPU
		{9C30A730-4D7A-4016-9557-B3F65991DD04}.Debug|Any CPU.Build.0 = Debug|Any CPU
		{9C30A730-4D7A-4016-9557-B3F65991DD04}.Release|Any CPU.ActiveCfg = Release|Any CPU
		{9C30A730-4D7A-4016-9557-B3F65991DD04}.Release|Any CPU.Build.0 = Release|Any CPU
	EndGlobalSection
	GlobalSection(SolutionProperties) = preSolution
		HideSolutionNode = FALSE
	EndGlobalSection
	GlobalSection(ExtensibilityGlobals) = postSolution
		SolutionGuid = {19692EC8-C1D4-42D9-8718-DA97EE82C5AE}
	EndGlobalSection
EndGlobal
